
Microsoft Visual Studio Solution File, Format Version 12.00
# Visual Studio Version 16
VisualStudioVersion = 16.0.31424.327
MinimumVisualStudioVersion = 10.0.40219.1
Project("{9A19103F-16F7-4668-BE54-9A1E7A4F7556}") = "pipelines-dotnet-core-docker", "pipelines-dotnet-core-docker.csproj", "{029B7E93-C5A9-48B0-BD29-007CC7F43DA2}"
EndProject
Global
	GlobalSection(SolutionConfigurationPlatforms) = preSolution
		Debug|Any CPU = Debug|Any CPU
		Release|Any CPU = Release|Any CPU
	EndGlobalSection
	GlobalSection(ProjectConfigurationPlatforms) = postSolution
		{029B7E93-C5A9-48B0-BD29-007CC7F43DA2}.Debug|Any CPU.ActiveCfg = Debug|Any CPU
		{029B7E93-C5A9-48B0-BD29-007CC7F43DA2}.Debug|Any CPU.Build.0 = Debug|Any CPU
		{029B7E93-C5A9-48B0-BD29-007CC7F43DA2}.Release|Any CPU.ActiveCfg = Release|Any CPU
		{029B7E93-C5A9-48B0-BD29-007CC7F43DA2}.Release|Any CPU.Build.0 = Release|Any CPU
	EndGlobalSection
	GlobalSection(SolutionProperties) = preSolution
		HideSolutionNode = FALSE
	EndGlobalSection
	GlobalSection(ExtensibilityGlobals) = postSolution
		SolutionGuid = {272BA036-EBD6-400B-AF3D-FFF5BEF3D8D0}
	EndGlobalSection
EndGlobal
